
Microsoft Visual Studio Solution File, Format Version 12.00
# Visual Studio Version 16
VisualStudioVersion = 16.0.29519.87
MinimumVisualStudioVersion = 10.0.40219.1
Project("{FAE04EC0-301F-11D3-BF4B-00C04F79EFBC}") = "MonoModLoader", "MonoModLoader\MonoModLoader.csproj", "{9BBD7AFB-795B-498D-915A-418E7D25C2C0}"
EndProject
Global
	GlobalSection(SolutionConfigurationPlatforms) = preSolution
		Debug|Any CPU = Debug|Any CPU
		Release|Any CPU = Release|Any CPU
	EndGlobalSection
	GlobalSection(ProjectConfigurationPlatforms) = postSolution
		{9BBD7AFB-795B-498D-915A-418E7D25C2C0}.Debug|Any CPU.ActiveCfg = Debug|Any CPU
		{9BBD7AFB-795B-498D-915A-418E7D25C2C0}.Debug|Any CPU.Build.0 = Debug|Any CPU
		{9BBD7AFB-795B-498D-915A-418E7D25C2C0}.Release|Any CPU.ActiveCfg = Release|Any CPU
		{9BBD7AFB-795B-498D-915A-418E7D25C2C0}.Release|Any CPU.Build.0 = Release|Any CPU
	EndGlobalSection
	GlobalSection(SolutionProperties) = preSolution
		HideSolutionNode = FALSE
	EndGlobalSection
	GlobalSection(ExtensibilityGlobals) = postSolution
		SolutionGuid = {C9914F08-99F8-44F5-9B7C-51D314DA6436}
	EndGlobalSection
EndGlobal
